
Microsoft Visual Studio Solution File, Format Version 12.00
# Visual Studio Version 17
VisualStudioVersion = 17.0.31903.59
MinimumVisualStudioVersion = 10.0.40219.1
Project("{9A19103F-16F7-4668-BE54-9A1E7A4F7556}") = "PS.FarNet.SQLite", "src\PS.FarNet.SQLite\PS.FarNet.SQLite.csproj", "{842D1EE7-C541-42BD-B3EE-7B36201436DF}"
EndProject
Project("{9A19103F-16F7-4668-BE54-9A1E7A4F7556}") = "FarNet.SQLite", "src\FarNet.SQLite\FarNet.SQLite.csproj", "{A1B6605D-06C5-41AB-A1E7-02B2E8FD3CBE}"
EndProject
Global
	GlobalSection(SolutionConfigurationPlatforms) = preSolution
		Debug|Any CPU = Debug|Any CPU
		Release|Any CPU = Release|Any CPU
	EndGlobalSection
	GlobalSection(ProjectConfigurationPlatforms) = postSolution
		{A1B6605D-06C5-41AB-A1E7-02B2E8FD3CBE}.Debug|Any CPU.ActiveCfg = Debug|Any CPU
		{A1B6605D-06C5-41AB-A1E7-02B2E8FD3CBE}.Debug|Any CPU.Build.0 = Debug|Any CPU
		{A1B6605D-06C5-41AB-A1E7-02B2E8FD3CBE}.Release|Any CPU.ActiveCfg = Release|Any CPU
		{A1B6605D-06C5-41AB-A1E7-02B2E8FD3CBE}.Release|Any CPU.Build.0 = Release|Any CPU
		{842D1EE7-C541-42BD-B3EE-7B36201436DF}.Debug|Any CPU.ActiveCfg = Debug|Any CPU
		{842D1EE7-C541-42BD-B3EE-7B36201436DF}.Debug|Any CPU.Build.0 = Debug|Any CPU
		{842D1EE7-C541-42BD-B3EE-7B36201436DF}.Release|Any CPU.ActiveCfg = Release|Any CPU
		{842D1EE7-C541-42BD-B3EE-7B36201436DF}.Release|Any CPU.Build.0 = Release|Any CPU
	EndGlobalSection
	GlobalSection(SolutionProperties) = preSolution
		HideSolutionNode = FALSE
	EndGlobalSection
	GlobalSection(ExtensibilityGlobals) = postSolution
		SolutionGuid = {EDC7846B-604B-4194-A6E2-F98B5CE16C1E}
	EndGlobalSection
EndGlobal
